
Microsoft Visual Studio Solution File, Format Version 12.00
Project("{FAE04EC0-301F-11D3-BF4B-00C04F79EFBC}") = "TwistedFizzBuzz", "TwistedFizzBuzz\TwistedFizzBuzz.csproj", "{76B89285-E913-40B2-83DD-2521D00AA674}"
EndProject
Project("{FAE04EC0-301F-11D3-BF4B-00C04F79EFBC}") = "TwistedFizzBuzz.Tests", "TwistedFizzBuzz.Tests\TwistedFizzBuzz.Tests.csproj", "{757D1F44-AF23-49FE-A97B-7BCAE0EA16B5}"
EndProject
Project("{FAE04EC0-301F-11D3-BF4B-00C04F79EFBC}") = "StandardFizzBuzz.Console", "StandardFizzBuzz.Console\StandardFizzBuzz.Console.csproj", "{1A6FF413-812E-487F-B4D1-FE0FFE522FB6}"
EndProject
Project("{FAE04EC0-301F-11D3-BF4B-00C04F79EFBC}") = "TwistedFizzBuzz.Console", "TwistedFizzBuzz.Console\TwistedFizzBuzz.Console.csproj", "{42BB5683-0FEE-4F9B-8A2D-8294246607BA}"
EndProject
Global
	GlobalSection(SolutionConfigurationPlatforms) = preSolution
		Debug|Any CPU = Debug|Any CPU
		Release|Any CPU = Release|Any CPU
	EndGlobalSection
	GlobalSection(ProjectConfigurationPlatforms) = postSolution
		{76B89285-E913-40B2-83DD-2521D00AA674}.Debug|Any CPU.ActiveCfg = Debug|Any CPU
		{76B89285-E913-40B2-83DD-2521D00AA674}.Debug|Any CPU.Build.0 = Debug|Any CPU
		{76B89285-E913-40B2-83DD-2521D00AA674}.Release|Any CPU.ActiveCfg = Release|Any CPU
		{76B89285-E913-40B2-83DD-2521D00AA674}.Release|Any CPU.Build.0 = Release|Any CPU
		{757D1F44-AF23-49FE-A97B-7BCAE0EA16B5}.Debug|Any CPU.ActiveCfg = Debug|Any CPU
		{757D1F44-AF23-49FE-A97B-7BCAE0EA16B5}.Debug|Any CPU.Build.0 = Debug|Any CPU
		{757D1F44-AF23-49FE-A97B-7BCAE0EA16B5}.Release|Any CPU.ActiveCfg = Release|Any CPU
		{757D1F44-AF23-49FE-A97B-7BCAE0EA16B5}.Release|Any CPU.Build.0 = Release|Any CPU
		{1A6FF413-812E-487F-B4D1-FE0FFE522FB6}.Debug|Any CPU.ActiveCfg = Debug|Any CPU
		{1A6FF413-812E-487F-B4D1-FE0FFE522FB6}.Debug|Any CPU.Build.0 = Debug|Any CPU
		{1A6FF413-812E-487F-B4D1-FE0FFE522FB6}.Release|Any CPU.ActiveCfg = Release|Any CPU
		{1A6FF413-812E-487F-B4D1-FE0FFE522FB6}.Release|Any CPU.Build.0 = Release|Any CPU
		{42BB5683-0FEE-4F9B-8A2D-8294246607BA}.Debug|Any CPU.ActiveCfg = Debug|Any CPU
		{42BB5683-0FEE-4F9B-8A2D-8294246607BA}.Debug|Any CPU.Build.0 = Debug|Any CPU
		{42BB5683-0FEE-4F9B-8A2D-8294246607BA}.Release|Any CPU.ActiveCfg = Release|Any CPU
		{42BB5683-0FEE-4F9B-8A2D-8294246607BA}.Release|Any CPU.Build.0 = Release|Any CPU
	EndGlobalSection
EndGlobal
